
Microsoft Visual Studio Solution File, Format Version 12.00
# Visual Studio 15
Project("{FAE04EC0-301F-11D3-BF4B-00C04F79EFBC}") = "VRM10.Tests", "VRM10.Tests.csproj", "{594D14BA-C300-8A30-630A-FEAE23934232}"
EndProject
Project("{FAE04EC0-301F-11D3-BF4B-00C04F79EFBC}") = "UniHumanoid", "UniHumanoid.csproj", "{44F41290-E752-CA00-3786-BDE6C1BEA9B8}"
EndProject
Project("{FAE04EC0-301F-11D3-BF4B-00C04F79EFBC}") = "VRM10.Editor", "VRM10.Editor.csproj", "{B526C5E4-B23A-9D7A-BDDA-B730272E1E7E}"
EndProject
Project("{FAE04EC0-301F-11D3-BF4B-00C04F79EFBC}") = "UniGLTF", "UniGLTF.csproj", "{C3504ED4-EF19-6FB7-A2A4-DB2EDC413C4C}"
EndProject
Project("{FAE04EC0-301F-11D3-BF4B-00C04F79EFBC}") = "VRM10", "VRM10.csproj", "{4870D19F-B57E-5326-03AC-7FF6C866D99E}"
EndProject
Project("{FAE04EC0-301F-11D3-BF4B-00C04F79EFBC}") = "UniGLTF.Tests", "UniGLTF.Tests.csproj", "{22BB4B4B-32E5-62AB-98C4-11DEAF9015BF}"
EndProject
Project("{FAE04EC0-301F-11D3-BF4B-00C04F79EFBC}") = "UniGLTF.Editor", "UniGLTF.Editor.csproj", "{3BA4A078-F9E0-74A9-3357-CF81764C45CC}"
EndProject
Project("{FAE04EC0-301F-11D3-BF4B-00C04F79EFBC}") = "VRMShaders.GLTF.IO.Editor", "VRMShaders.GLTF.IO.Editor.csproj", "{890247D3-0450-726B-2255-FD4320C5BF98}"
EndProject
Project("{FAE04EC0-301F-11D3-BF4B-00C04F79EFBC}") = "FastSpringBone10", "FastSpringBone10.csproj", "{00B1B519-9E82-187E-1C53-C47386C7E4D6}"
EndProject
Project("{FAE04EC0-301F-11D3-BF4B-00C04F79EFBC}") = "VRMShaders.GLTF.IO.Runtime", "VRMShaders.GLTF.IO.Runtime.csproj", "{B259F863-3F61-FC40-8ADE-DAA0AA82F436}"
EndProject
Project("{FAE04EC0-301F-11D3-BF4B-00C04F79EFBC}") = "VRMShaders.GLTF.IO.Tests", "VRMShaders.GLTF.IO.Tests.csproj", "{A87C1624-E9E9-0930-98DC-174B15FD71B2}"
EndProject
Project("{FAE04EC0-301F-11D3-BF4B-00C04F79EFBC}") = "VRMShaders.VRM10.MToon10.Runtime", "VRMShaders.VRM10.MToon10.Runtime.csproj", "{B4F6F667-1FDD-63BC-4EBD-AF79C85F0FEF}"
EndProject
Project("{FAE04EC0-301F-11D3-BF4B-00C04F79EFBC}") = "VrmLib", "VrmLib.csproj", "{438AE8D9-36C4-9596-C967-5CB396165D3B}"
EndProject
Project("{FAE04EC0-301F-11D3-BF4B-00C04F79EFBC}") = "MToon", "MToon.csproj", "{BC6876F9-61A5-B28A-0D97-D9C36D6A1B1D}"
EndProject
Project("{FAE04EC0-301F-11D3-BF4B-00C04F79EFBC}") = "Assembly-CSharp", "Assembly-CSharp.csproj", "{8AB2F732-4474-C2BB-BE53-BD56C5713255}"
EndProject
Project("{FAE04EC0-301F-11D3-BF4B-00C04F79EFBC}") = "VrmLibTests", "VrmLibTests.csproj", "{1DF204A6-D51C-9AAC-A15F-5881597D48BB}"
EndProject
Project("{FAE04EC0-301F-11D3-BF4B-00C04F79EFBC}") = "UniGLTF.Utils", "UniGLTF.Utils.csproj", "{24BECC34-2C6C-27D1-A3A9-366E175EAA52}"
EndProject
Project("{FAE04EC0-301F-11D3-BF4B-00C04F79EFBC}") = "VRMShaders.VRM10.MToon10.Tests", "VRMShaders.VRM10.MToon10.Tests.csproj", "{0C29C8D9-8C1C-A8C9-06ED-E96927E51B6A}"
EndProject
Project("{FAE04EC0-301F-11D3-BF4B-00C04F79EFBC}") = "VRMShaders.GLTF.UniUnlit.Runtime", "VRMShaders.GLTF.UniUnlit.Runtime.csproj", "{212B32AD-928F-502B-14C2-8EE3D3B856DE}"
EndProject
Project("{FAE04EC0-301F-11D3-BF4B-00C04F79EFBC}") = "VRMShaders.VRM10.MToon10.Editor", "VRMShaders.VRM10.MToon10.Editor.csproj", "{D9E2AA11-8CAA-C322-A645-978551F27B4F}"
EndProject
Project("{FAE04EC0-301F-11D3-BF4B-00C04F79EFBC}") = "MToon.Editor", "MToon.Editor.csproj", "{EA1919A7-9C76-138E-1565-BAB6BBEFE196}"
EndProject
Project("{FAE04EC0-301F-11D3-BF4B-00C04F79EFBC}") = "VRMShaders.VRM.IO.Runtime", "VRMShaders.VRM.IO.Runtime.csproj", "{72048479-A796-1953-2BBB-158A82EDD6E5}"
EndProject
Project("{FAE04EC0-301F-11D3-BF4B-00C04F79EFBC}") = "VRMShaders.GLTF.UniUnlit.Editor", "VRMShaders.GLTF.UniUnlit.Editor.csproj", "{EAD7DA7F-2C5C-AE99-5118-44E4D323D23B}"
EndProject
Project("{FAE04EC0-301F-11D3-BF4B-00C04F79EFBC}") = "UniHumanoid.Editor", "UniHumanoid.Editor.csproj", "{0B059959-6BD5-880A-85A0-8D521544A34D}"
EndProject
Project("{FAE04EC0-301F-11D3-BF4B-00C04F79EFBC}") = "UniHumanoid.Editor.Tests", "UniHumanoid.Editor.Tests.csproj", "{63926A57-91F5-AE67-152F-66C0920D163A}"
EndProject
Project("{FAE04EC0-301F-11D3-BF4B-00C04F79EFBC}") = "VRMShaders.VRM10.Format.Runtime", "VRMShaders.VRM10.Format.Runtime.csproj", "{AC0A39B4-56EF-7269-8D88-7194FE34F74C}"
EndProject
Global
	GlobalSection(SolutionConfigurationPlatforms) = preSolution
		Debug|Any CPU = Debug|Any CPU
		Release|Any CPU = Release|Any CPU
	EndGlobalSection
	GlobalSection(ProjectConfigurationPlatforms) = postSolution
		{594D14BA-C300-8A30-630A-FEAE23934232}.Debug|Any CPU.ActiveCfg = Debug|Any CPU
		{594D14BA-C300-8A30-630A-FEAE23934232}.Debug|Any CPU.Build.0 = Debug|Any CPU
		{594D14BA-C300-8A30-630A-FEAE23934232}.Release|Any CPU.ActiveCfg = Release|Any CPU
		{594D14BA-C300-8A30-630A-FEAE23934232}.Release|Any CPU.Build.0 = Release|Any CPU
		{44F41290-E752-CA00-3786-BDE6C1BEA9B8}.Debug|Any CPU.ActiveCfg = Debug|Any CPU
		{44F41290-E752-CA00-3786-BDE6C1BEA9B8}.Debug|Any CPU.Build.0 = Debug|Any CPU
		{44F41290-E752-CA00-3786-BDE6C1BEA9B8}.Release|Any CPU.ActiveCfg = Release|Any CPU
		{44F41290-E752-CA00-3786-BDE6C1BEA9B8}.Release|Any CPU.Build.0 = Release|Any CPU
		{B526C5E4-B23A-9D7A-BDDA-B730272E1E7E}.Debug|Any CPU.ActiveCfg = Debug|Any CPU
		{B526C5E4-B23A-9D7A-BDDA-B730272E1E7E}.Debug|Any CPU.Build.0 = Debug|Any CPU
		{B526C5E4-B23A-9D7A-BDDA-B730272E1E7E}.Release|Any CPU.ActiveCfg = Release|Any CPU
		{B526C5E4-B23A-9D7A-BDDA-B730272E1E7E}.Release|Any CPU.Build.0 = Release|Any CPU
		{C3504ED4-EF19-6FB7-A2A4-DB2EDC413C4C}.Debug|Any CPU.ActiveCfg = Debug|Any CPU
		{C3504ED4-EF19-6FB7-A2A4-DB2EDC413C4C}.Debug|Any CPU.Build.0 = Debug|Any CPU
		{C3504ED4-EF19-6FB7-A2A4-DB2EDC413C4C}.Release|Any CPU.ActiveCfg = Release|Any CPU
		{C3504ED4-EF19-6FB7-A2A4-DB2EDC413C4C}.Release|Any CPU.Build.0 = Release|Any CPU
		{4870D19F-B57E-5326-03AC-7FF6C866D99E}.Debug|Any CPU.ActiveCfg = Debug|Any CPU
		{4870D19F-B57E-5326-03AC-7FF6C866D99E}.Debug|Any CPU.Build.0 = Debug|Any CPU
		{4870D19F-B57E-5326-03AC-7FF6C866D99E}.Release|Any CPU.ActiveCfg = Release|Any CPU
		{4870D19F-B57E-5326-03AC-7FF6C866D99E}.Release|Any CPU.Build.0 = Release|Any CPU
		{22BB4B4B-32E5-62AB-98C4-11DEAF9015BF}.Debug|Any CPU.ActiveCfg = Debug|Any CPU
		{22BB4B4B-32E5-62AB-98C4-11DEAF9015BF}.Debug|Any CPU.Build.0 = Debug|Any CPU
		{22BB4B4B-32E5-62AB-98C4-11DEAF9015BF}.Release|Any CPU.ActiveCfg = Release|Any CPU
		{22BB4B4B-32E5-62AB-98C4-11DEAF9015BF}.Release|Any CPU.Build.0 = Release|Any CPU
		{3BA4A078-F9E0-74A9-3357-CF81764C45CC}.Debug|Any CPU.ActiveCfg = Debug|Any CPU
		{3BA4A078-F9E0-74A9-3357-CF81764C45CC}.Debug|Any CPU.Build.0 = Debug|Any CPU
		{3BA4A078-F9E0-74A9-3357-CF81764C45CC}.Release|Any CPU.ActiveCfg = Release|Any CPU
		{3BA4A078-F9E0-74A9-3357-CF81764C45CC}.Release|Any CPU.Build.0 = Release|Any CPU
		{890247D3-0450-726B-2255-FD4320C5BF98}.Debug|Any CPU.ActiveCfg = Debug|Any CPU
		{890247D3-0450-726B-2255-FD4320C5BF98}.Debug|Any CPU.Build.0 = Debug|Any CPU
		{890247D3-0450-726B-2255-FD4320C5BF98}.Release|Any CPU.ActiveCfg = Release|Any CPU
		{890247D3-0450-726B-2255-FD4320C5BF98}.Release|Any CPU.Build.0 = Release|Any CPU
		{00B1B519-9E82-187E-1C53-C47386C7E4D6}.Debug|Any CPU.ActiveCfg = Debug|Any CPU
		{00B1B519-9E82-187E-1C53-C47386C7E4D6}.Debug|Any CPU.Build.0 = Debug|Any CPU
		{00B1B519-9E82-187E-1C53-C47386C7E4D6}.Release|Any CPU.ActiveCfg = Release|Any CPU
		{00B1B519-9E82-187E-1C53-C47386C7E4D6}.Release|Any CPU.Build.0 = Release|Any CPU
		{B259F863-3F61-FC40-8ADE-DAA0AA82F436}.Debug|Any CPU.ActiveCfg = Debug|Any CPU
		{B259F863-3F61-FC40-8ADE-DAA0AA82F436}.Debug|Any CPU.Build.0 = Debug|Any CPU
		{B259F863-3F61-FC40-8ADE-DAA0AA82F436}.Release|Any CPU.ActiveCfg = Release|Any CPU
		{B259F863-3F61-FC40-8ADE-DAA0AA82F436}.Release|Any CPU.Build.0 = Release|Any CPU
		{A87C1624-E9E9-0930-98DC-174B15FD71B2}.Debug|Any CPU.ActiveCfg = Debug|Any CPU
		{A87C1624-E9E9-0930-98DC-174B15FD71B2}.Debug|Any CPU.Build.0 = Debug|Any CPU
		{A87C1624-E9E9-0930-98DC-174B15FD71B2}.Release|Any CPU.ActiveCfg = Release|Any CPU
		{A87C1624-E9E9-0930-98DC-174B15FD71B2}.Release|Any CPU.Build.0 = Release|Any CPU
		{B4F6F667-1FDD-63BC-4EBD-AF79C85F0FEF}.Debug|Any CPU.ActiveCfg = Debug|Any CPU
		{B4F6F667-1FDD-63BC-4EBD-AF79C85F0FEF}.Debug|Any CPU.Build.0 = Debug|Any CPU
		{B4F6F667-1FDD-63BC-4EBD-AF79C85F0FEF}.Release|Any CPU.ActiveCfg = Release|Any CPU
		{B4F6F667-1FDD-63BC-4EBD-AF79C85F0FEF}.Release|Any CPU.Build.0 = Release|Any CPU
		{438AE8D9-36C4-9596-C967-5CB396165D3B}.Debug|Any CPU.ActiveCfg = Debug|Any CPU
		{438AE8D9-36C4-9596-C967-5CB396165D3B}.Debug|Any CPU.Build.0 = Debug|Any CPU
		{438AE8D9-36C4-9596-C967-5CB396165D3B}.Release|Any CPU.ActiveCfg = Release|Any CPU
		{438AE8D9-36C4-9596-C967-5CB396165D3B}.Release|Any CPU.Build.0 = Release|Any CPU
		{BC6876F9-61A5-B28A-0D97-D9C36D6A1B1D}.Debug|Any CPU.ActiveCfg = Debug|Any CPU
		{BC6876F9-61A5-B28A-0D97-D9C36D6A1B1D}.Debug|Any CPU.Build.0 = Debug|Any CPU
		{BC6876F9-61A5-B28A-0D97-D9C36D6A1B1D}.Release|Any CPU.ActiveCfg = Release|Any CPU
		{BC6876F9-61A5-B28A-0D97-D9C36D6A1B1D}.Release|Any CPU.Build.0 = Release|Any CPU
		{8AB2F732-4474-C2BB-BE53-BD56C5713255}.Debug|Any CPU.ActiveCfg = Debug|Any CPU
		{8AB2F732-4474-C2BB-BE53-BD56C5713255}.Debug|Any CPU.Build.0 = Debug|Any CPU
		{8AB2F732-4474-C2BB-BE53-BD56C5713255}.Release|Any CPU.ActiveCfg = Release|Any CPU
		{8AB2F732-4474-C2BB-BE53-BD56C5713255}.Release|Any CPU.Build.0 = Release|Any CPU
		{1DF204A6-D51C-9AAC-A15F-5881597D48BB}.Debug|Any CPU.ActiveCfg = Debug|Any CPU
		{1DF204A6-D51C-9AAC-A15F-5881597D48BB}.Debug|Any CPU.Build.0 = Debug|Any CPU
		{1DF204A6-D51C-9AAC-A15F-5881597D48BB}.Release|Any CPU.ActiveCfg = Release|Any CPU
		{1DF204A6-D51C-9AAC-A15F-5881597D48BB}.Release|Any CPU.Build.0 = Release|Any CPU
		{24BECC34-2C6C-27D1-A3A9-366E175EAA52}.Debug|Any CPU.ActiveCfg = Debug|Any CPU
		{24BECC34-2C6C-27D1-A3A9-366E175EAA52}.Debug|Any CPU.Build.0 = Debug|Any CPU
		{24BECC34-2C6C-27D1-A3A9-366E175EAA52}.Release|Any CPU.ActiveCfg = Release|Any CPU
		{24BECC34-2C6C-27D1-A3A9-366E175EAA52}.Release|Any CPU.Build.0 = Release|Any CPU
		{0C29C8D9-8C1C-A8C9-06ED-E96927E51B6A}.Debug|Any CPU.ActiveCfg = Debug|Any CPU
		{0C29C8D9-8C1C-A8C9-06ED-E96927E51B6A}.Debug|Any CPU.Build.0 = Debug|Any CPU
		{0C29C8D9-8C1C-A8C9-06ED-E96927E51B6A}.Release|Any CPU.ActiveCfg = Release|Any CPU
		{0C29C8D9-8C1C-A8C9-06ED-E96927E51B6A}.Release|Any CPU.Build.0 = Release|Any CPU
		{212B32AD-928F-502B-14C2-8EE3D3B856DE}.Debug|Any CPU.ActiveCfg = Debug|Any CPU
		{212B32AD-928F-502B-14C2-8EE3D3B856DE}.Debug|Any CPU.Build.0 = Debug|Any CPU
		{212B32AD-928F-502B-14C2-8EE3D3B856DE}.Release|Any CPU.ActiveCfg = Release|Any CPU
		{212B32AD-928F-502B-14C2-8EE3D3B856DE}.Release|Any CPU.Build.0 = Release|Any CPU
		{D9E2AA11-8CAA-C322-A645-978551F27B4F}.Debug|Any CPU.ActiveCfg = Debug|Any CPU
		{D9E2AA11-8CAA-C322-A645-978551F27B4F}.Debug|Any CPU.Build.0 = Debug|Any CPU
		{D9E2AA11-8CAA-C322-A645-978551F27B4F}.Release|Any CPU.ActiveCfg = Release|Any CPU
		{D9E2AA11-8CAA-C322-A645-978551F27B4F}.Release|Any CPU.Build.0 = Release|Any CPU
		{EA1919A7-9C76-138E-1565-BAB6BBEFE196}.Debug|Any CPU.ActiveCfg = Debug|Any CPU
		{EA1919A7-9C76-138E-1565-BAB6BBEFE196}.Debug|Any CPU.Build.0 = Debug|Any CPU
		{EA1919A7-9C76-138E-1565-BAB6BBEFE196}.Release|Any CPU.ActiveCfg = Release|Any CPU
		{EA1919A7-9C76-138E-1565-BAB6BBEFE196}.Release|Any CPU.Build.0 = Release|Any CPU
		{72048479-A796-1953-2BBB-158A82EDD6E5}.Debug|Any CPU.ActiveCfg = Debug|Any CPU
		{72048479-A796-1953-2BBB-158A82EDD6E5}.Debug|Any CPU.Build.0 = Debug|Any CPU
		{72048479-A796-1953-2BBB-158A82EDD6E5}.Release|Any CPU.ActiveCfg = Release|Any CPU
		{72048479-A796-1953-2BBB-158A82EDD6E5}.Release|Any CPU.Build.0 = Release|Any CPU
		{EAD7DA7F-2C5C-AE99-5118-44E4D323D23B}.Debug|Any CPU.ActiveCfg = Debug|Any CPU
		{EAD7DA7F-2C5C-AE99-5118-44E4D323D23B}.Debug|Any CPU.Build.0 = Debug|Any CPU
		{EAD7DA7F-2C5C-AE99-5118-44E4D323D23B}.Release|Any CPU.ActiveCfg = Release|Any CPU
		{EAD7DA7F-2C5C-AE99-5118-44E4D323D23B}.Release|Any CPU.Build.0 = Release|Any CPU
		{0B059959-6BD5-880A-85A0-8D521544A34D}.Debug|Any CPU.ActiveCfg = Debug|Any CPU
		{0B059959-6BD5-880A-85A0-8D521544A34D}.Debug|Any CPU.Build.0 = Debug|Any CPU
		{0B059959-6BD5-880A-85A0-8D521544A34D}.Release|Any CPU.ActiveCfg = Release|Any CPU
		{0B059959-6BD5-880A-85A0-8D521544A34D}.Release|Any CPU.Build.0 = Release|Any CPU
		{63926A57-91F5-AE67-152F-66C0920D163A}.Debug|Any CPU.ActiveCfg = Debug|Any CPU
		{63926A57-91F5-AE67-152F-66C0920D163A}.Debug|Any CPU.Build.0 = Debug|Any CPU
		{63926A57-91F5-AE67-152F-66C0920D163A}.Release|Any CPU.ActiveCfg = Release|Any CPU
		{63926A57-91F5-AE67-152F-66C0920D163A}.Release|Any CPU.Build.0 = Release|Any CPU
		{AC0A39B4-56EF-7269-8D88-7194FE34F74C}.Debug|Any CPU.ActiveCfg = Debug|Any CPU
		{AC0A39B4-56EF-7269-8D88-7194FE34F74C}.Debug|Any CPU.Build.0 = Debug|Any CPU
		{AC0A39B4-56EF-7269-8D88-7194FE34F74C}.Release|Any CPU.ActiveCfg = Release|Any CPU
		{AC0A39B4-56EF-7269-8D88-7194FE34F74C}.Release|Any CPU.Build.0 = Release|Any CPU
	EndGlobalSection
	GlobalSection(SolutionProperties) = preSolution
		HideSolutionNode = FALSE
	EndGlobalSection
EndGlobal
